
Microsoft Visual Studio Solution File, Format Version 10.00
# Visual Studio 2008
Project("{8BC9CEB8-8B4A-11D0-8D11-00A0C91BC942}") = "REVLINE", "REVLINE.vcproj", "{D0FB366C-CB3F-497F-BD0D-52EF828C1A57}"
EndProject
Global
	GlobalSection(SolutionConfigurationPlatforms) = preSolution
		Debug|Win32 = Debug|Win32
		Release|Win32 = Release|Win32
	EndGlobalSection
	GlobalSection(ProjectConfigurationPlatforms) = postSolution
		{D0FB366C-CB3F-497F-BD0D-52EF828C1A57}.Debug|Win32.ActiveCfg = Debug|Win32
		{D0FB366C-CB3F-497F-BD0D-52EF828C1A57}.Debug|Win32.Build.0 = Debug|Win32
		{D0FB366C-CB3F-497F-BD0D-52EF828C1A57}.Release|Win32.ActiveCfg = Release|Win32
		{D0FB366C-CB3F-497F-BD0D-52EF828C1A57}.Release|Win32.Build.0 = Release|Win32
	EndGlobalSection
	GlobalSection(SolutionProperties) = preSolution
		HideSolutionNode = FALSE
	EndGlobalSection
EndGlobal
